PODS:
  - DAPageControlView (1.0)

DEPENDENCIES:
  - DAPageControlView (from `https://github.com/daria-kopaliani/DAPageControlView.git`)

EXTERNAL SOURCES:
  DAPageControlView:
    :git: https://github.com/daria-kopaliani/DAPageControlView.git

SPEC CHECKSUMS:
  DAPageControlView: 08e46ce2b686a1780b169db2f996ee96d728bc82

COCOAPODS: 0.33.1
